// !$*UTF8*$!
{
	archiveVersion = 1;
	classes = {
	};
	objectVersion = 46;
	objects = {

/* Begin PBXBuildFile section */
		28616917151876E7001A450A /* validatereceipt.m in Sources */ = {isa = PBXBuildFile; fileRef = DD5EBFFE1273472D00361AC6 /* validatereceipt.m */; };
		28616918151876E7001A450A /* ValidateStoreReceipt.m in Sources */ = {isa = PBXBuildFile; fileRef = 08FB7796FE84155DC02AAC07 /* ValidateStoreReceipt.m */; };
		2861691A151876E7001A450A /* StoreKit.framework in Frameworks */ = {isa = PBXBuildFile; fileRef = 28A65F4414EBB2880047778F /* StoreKit.framework */; };
		2861691B151876E7001A450A /* Security.framework in Frameworks */ = {isa = PBXBuildFile; fileRef = DDDE9E921281FFD3003F581D /* Security.framework */; };
		2861691C151876E7001A450A /* IOKit.framework in Frameworks */ = {isa = PBXBuildFile; fileRef = DD5EC0001273474F00361AC6 /* IOKit.framework */; };
		2861691D151876E7001A450A /* Foundation.framework in Frameworks */ = {isa = PBXBuildFile; fileRef = 282EC49914D2CEB500272FB9 /* Foundation.framework */; };
/* End PBXBuildFile section */

/* Begin PBXFileReference section */
		08FB7796FE84155DC02AAC07 /* ValidateStoreReceipt.m */ = {isa = PBXFileReference; fileEncoding = 4; lastKnownFileType = sourcecode.c.objc; path = ValidateStoreReceipt.m; sourceTree = "<group>"; };
		282EC49914D2CEB500272FB9 /* Foundation.framework */ = {isa = PBXFileReference; lastKnownFileType = wrapper.framework; name = Foundation.framework; path = System/Library/Frameworks/Foundation.framework; sourceTree = SDKROOT; };
		28616923151876E7001A450A /* StoreKitReceiptValidator.bundle */ = {isa = PBXFileReference; explicitFileType = wrapper.cfbundle; includeInIndex = 0; path = StoreKitReceiptValidator.bundle; sourceTree = BUILT_PRODUCTS_DIR; };
		28A65F4414EBB2880047778F /* StoreKit.framework */ = {isa = PBXFileReference; lastKnownFileType = wrapper.framework; name = StoreKit.framework; path = System/Library/Frameworks/StoreKit.framework; sourceTree = SDKROOT; };
		DD5EBFFD1273472D00361AC6 /* validatereceipt.h */ = {isa = PBXFileReference; fileEncoding = 4; lastKnownFileType = sourcecode.c.h; path = validatereceipt.h; sourceTree = "<group>"; };
		DD5EBFFE1273472D00361AC6 /* validatereceipt.m */ = {isa = PBXFileReference; fileEncoding = 4; lastKnownFileType = sourcecode.c.objc; path = validatereceipt.m; sourceTree = "<group>"; };
		DD5EC0001273474F00361AC6 /* IOKit.framework */ = {isa = PBXFileReference; lastKnownFileType = wrapper.framework; name = IOKit.framework; path = System/Library/Frameworks/IOKit.framework; sourceTree = SDKROOT; };
		DDDE9E921281FFD3003F581D /* Security.framework */ = {isa = PBXFileReference; lastKnownFileType = wrapper.framework; name = Security.framework; path = System/Library/Frameworks/Security.framework; sourceTree = SDKROOT; };
		DDDE9F311282135A003F581D /* README.markdown */ = {isa = PBXFileReference; fileEncoding = 4; lastKnownFileType = text; path = README.markdown; sourceTree = "<group>"; };
/* End PBXFileReference section */

/* Begin PBXFrameworksBuildPhase section */
		28616919151876E7001A450A /* Frameworks */ = {
			isa = PBXFrameworksBuildPhase;
			buildActionMask = 2147483647;
			files = (
				2861691A151876E7001A450A /* StoreKit.framework in Frameworks */,
				2861691B151876E7001A450A /* Security.framework in Frameworks */,
				2861691C151876E7001A450A /* IOKit.framework in Frameworks */,
				2861691D151876E7001A450A /* Foundation.framework in Frameworks */,
			);
			runOnlyForDeploymentPostprocessing = 0;
		};
/* End PBXFrameworksBuildPhase section */

/* Begin PBXGroup section */
		08FB7794FE84155DC02AAC07 /* ValidateStoreReceipt */ = {
			isa = PBXGroup;
			children = (
				08FB7795FE84155DC02AAC07 /* Source */,
				C6859EA2029092E104C91782 /* Documentation */,
				282EC48814D2CBB800272FB9 /* Frameworks */,
				1AB674ADFE9D54B511CA2CBB /* Products */,
			);
			name = ValidateStoreReceipt;
			sourceTree = "<group>";
		};
		08FB7795FE84155DC02AAC07 /* Source */ = {
			isa = PBXGroup;
			children = (
				DD5EBFFD1273472D00361AC6 /* validatereceipt.h */,
				DD5EBFFE1273472D00361AC6 /* validatereceipt.m */,
				08FB7796FE84155DC02AAC07 /* ValidateStoreReceipt.m */,
			);
			name = Source;
			sourceTree = "<group>";
		};
		1AB674ADFE9D54B511CA2CBB /* Products */ = {
			isa = PBXGroup;
			children = (
				28616923151876E7001A450A /* StoreKitReceiptValidator.bundle */,
			);
			name = Products;
			sourceTree = "<group>";
		};
		282EC48814D2CBB800272FB9 /* Frameworks */ = {
			isa = PBXGroup;
			children = (
				28A65F4414EBB2880047778F /* StoreKit.framework */,
				282EC49914D2CEB500272FB9 /* Foundation.framework */,
				DDDE9E921281FFD3003F581D /* Security.framework */,
				DD5EC0001273474F00361AC6 /* IOKit.framework */,
			);
			name = Frameworks;
			sourceTree = "<group>";
		};
		C6859EA2029092E104C91782 /* Documentation */ = {
			isa = PBXGroup;
			children = (
				DDDE9F311282135A003F581D /* README.markdown */,
			);
			name = Documentation;
			sourceTree = "<group>";
		};
/* End PBXGroup section */

/* Begin PBXNativeTarget section */
		28616915151876E7001A450A /* StoreKitReceiptValidator */ = {
			isa = PBXNativeTarget;
			buildConfigurationList = 28616920151876E7001A450A /* Build configuration list for PBXNativeTarget "StoreKitReceiptValidator" */;
			buildPhases = (
				28616916151876E7001A450A /* Sources */,
				28616919151876E7001A450A /* Frameworks */,
				2861691E151876E7001A450A /* Resources */,
			);
			buildRules = (
			);
			dependencies = (
			);
			name = StoreKitReceiptValidator;
			productName = StoreKitReceiptValidator;
			productReference = 28616923151876E7001A450A /* StoreKitReceiptValidator.bundle */;
			productType = "com.apple.product-type.bundle";
		};
/* End PBXNativeTarget section */

/* Begin PBXProject section */
		08FB7793FE84155DC02AAC07 /* Project object */ = {
			isa = PBXProject;
			attributes = {
				LastUpgradeCheck = 0430;
			};
			buildConfigurationList = 1DEB927808733DD40010E9CD /* Build configuration list for PBXProject "StoreKitReceiptValidator" */;
			compatibilityVersion = "Xcode 3.2";
			developmentRegion = English;
			hasScannedForEncodings = 1;
			knownRegions = (
				English,
				Japanese,
				French,
				German,
				en,
			);
			mainGroup = 08FB7794FE84155DC02AAC07 /* ValidateStoreReceipt */;
			projectDirPath = "";
			projectRoot = "";
			targets = (
				28616915151876E7001A450A /* StoreKitReceiptValidator */,
			);
		};
/* End PBXProject section */

/* Begin PBXResourcesBuildPhase section */
		2861691E151876E7001A450A /* Resources */ = {
			isa = PBXResourcesBuildPhase;
			buildActionMask = 2147483647;
			files = (
			);
			runOnlyForDeploymentPostprocessing = 0;
		};
/* End PBXResourcesBuildPhase section */

/* Begin PBXSourcesBuildPhase section */
		28616916151876E7001A450A /* Sources */ = {
			isa = PBXSourcesBuildPhase;
			buildActionMask = 2147483647;
			files = (
				28616917151876E7001A450A /* validatereceipt.m in Sources */,
				28616918151876E7001A450A /* ValidateStoreReceipt.m in Sources */,
			);
			runOnlyForDeploymentPostprocessing = 0;
		};
/* End PBXSourcesBuildPhase section */

/* Begin XCBuildConfiguration section */
		1DEB927908733DD40010E9CD /* Debug */ = {
			isa = XCBuildConfiguration;
			buildSettings = {
				ARCHS = "$(ARCHS_STANDARD_32_64_BIT)";
				GCC_C_LANGUAGE_STANDARD = gnu99;
				GCC_ENABLE_OBJC_GC = supported;
				GCC_OPTIMIZATION_LEVEL = 0;
				GCC_VERSION = "";
				GCC_WARN_ABOUT_RETURN_TYPE = YES;
				GCC_WARN_UNUSED_VARIABLE = YES;
				MACOSX_DEPLOYMENT_TARGET = 10.7;
				OTHER_CFLAGS = "";
				RUN_CLANG_STATIC_ANALYZER = NO;
				SDKROOT = macosx;
			};
			name = Debug;
		};
		1DEB927A08733DD40010E9CD /* Release */ = {
			isa = XCBuildConfiguration;
			buildSettings = {
				ARCHS = "$(ARCHS_STANDARD_32_64_BIT)";
				GCC_C_LANGUAGE_STANDARD = gnu99;
				GCC_ENABLE_OBJC_GC = supported;
				GCC_VERSION = "";
				GCC_WARN_ABOUT_RETURN_TYPE = YES;
				GCC_WARN_UNUSED_VARIABLE = YES;
				MACOSX_DEPLOYMENT_TARGET = 10.7;
				RUN_CLANG_STATIC_ANALYZER = NO;
				SDKROOT = macosx;
			};
			name = Release;
		};
		28616921151876E7001A450A /* Debug */ = {
			isa = XCBuildConfiguration;
			buildSettings = {
				ALWAYS_SEARCH_USER_PATHS = NO;
				ARCHS = "$(ARCHS_STANDARD_32_64_BIT)";
				CLANG_ENABLE_OBJC_ARC = NO;
				CODE_SIGN_IDENTITY = "";
				COPY_PHASE_STRIP = NO;
				DEBUG_INFORMATION_FORMAT = "dwarf-with-dsym";
				GCC_DYNAMIC_NO_PIC = NO;
				GCC_ENABLE_OBJC_EXCEPTIONS = YES;
				GCC_PRECOMPILE_PREFIX_HEADER = YES;
				GCC_PREFIX_HEADER = "StoreKitReceiptValidator-Prefix.pch";
				GCC_PREPROCESSOR_DEFINITIONS = (
					"DEBUG=1",
					"$(inherited)",
				);
				GCC_SYMBOLS_PRIVATE_EXTERN = NO;
				GCC_WARN_64_TO_32_BIT_CONVERSION = YES;
				GCC_WARN_ABOUT_MISSING_PROTOTYPES = YES;
				INFOPLIST_FILE = "StoreKitReceiptValidator-Info.plist";
				INSTALL_PATH = "";
				MACOSX_DEPLOYMENT_TARGET = 10.7;
				ONLY_ACTIVE_ARCH = NO;
				OTHER_LDFLAGS = "-lcrypto";
				PRODUCT_NAME = StoreKitReceiptValidator;
				WRAPPER_EXTENSION = bundle;
			};
			name = Debug;
		};
		28616922151876E7001A450A /* Release */ = {
			isa = XCBuildConfiguration;
			buildSettings = {
				ALWAYS_SEARCH_USER_PATHS = NO;
				ARCHS = "$(ARCHS_STANDARD_32_64_BIT)";
				CLANG_ENABLE_OBJC_ARC = NO;
				CODE_SIGN_IDENTITY = "";
				COPY_PHASE_STRIP = YES;
				DEBUG_INFORMATION_FORMAT = "dwarf-with-dsym";
				GCC_ENABLE_OBJC_EXCEPTIONS = YES;
				GCC_PRECOMPILE_PREFIX_HEADER = YES;
				GCC_PREFIX_HEADER = "StoreKitReceiptValidator-Prefix.pch";
				GCC_WARN_64_TO_32_BIT_CONVERSION = YES;
				GCC_WARN_ABOUT_MISSING_PROTOTYPES = YES;
				INFOPLIST_FILE = "StoreKitReceiptValidator-Info.plist";
				INSTALL_PATH = "";
				MACOSX_DEPLOYMENT_TARGET = 10.7;
				ONLY_ACTIVE_ARCH = NO;
				OTHER_LDFLAGS = "-lcrypto";
				PRODUCT_NAME = StoreKitReceiptValidator;
				WRAPPER_EXTENSION = bundle;
			};
			name = Release;
		};
/* End XCBuildConfiguration section */

/* Begin XCConfigurationList section */
		1DEB927808733DD40010E9CD /* Build configuration list for PBXProject "StoreKitReceiptValidator" */ = {
			isa = XCConfigurationList;
			buildConfigurations = (
				1DEB927908733DD40010E9CD /* Debug */,
				1DEB927A08733DD40010E9CD /* Release */,
			);
			defaultConfigurationIsVisible = 0;
			defaultConfigurationName = Release;
		};
		28616920151876E7001A450A /* Build configuration list for PBXNativeTarget "StoreKitReceiptValidator" */ = {
			isa = XCConfigurationList;
			buildConfigurations = (
				28616921151876E7001A450A /* Debug */,
				28616922151876E7001A450A /* Release */,
			);
			defaultConfigurationIsVisible = 0;
			defaultConfigurationName = Release;
		};
/* End XCConfigurationList section */
	};
	rootObject = 08FB7793FE84155DC02AAC07 /* Project object */;
}
